
Microsoft Visual Studio Solution File, Format Version 12.00
Project("{FAE04EC0-301F-11D3-BF4B-00C04F79EFBC}") = "Sfinx.AdminPortal.WebApp", "Sfinx.AdminPortal.WebApp\Sfinx.AdminPortal.WebApp.csproj", "{0F48C2F1-079D-4A83-B3ED-EBF9FF420F50}"
EndProject
Project("{FAE04EC0-301F-11D3-BF4B-00C04F79EFBC}") = "Sfinx.App.Shared", "Sfinx.App.Shared\Sfinx.App.Shared.csproj", "{A811F37B-5628-4C51-8D4B-A328D1636DED}"
EndProject
Project("{FAE04EC0-301F-11D3-BF4B-00C04F79EFBC}") = "Sfinx.ClientApp", "Sfinx.ClientApp\Sfinx.ClientApp.csproj", "{82B4EDAD-8F2F-443C-AF74-F43377FF0DB4}"
EndProject
Global
	GlobalSection(SolutionConfigurationPlatforms) = preSolution
		Debug|Any CPU = Debug|Any CPU
		Release|Any CPU = Release|Any CPU
	EndGlobalSection
	GlobalSection(ProjectConfigurationPlatforms) = postSolution
		{0F48C2F1-079D-4A83-B3ED-EBF9FF420F50}.Debug|Any CPU.ActiveCfg = Debug|Any CPU
		{0F48C2F1-079D-4A83-B3ED-EBF9FF420F50}.Debug|Any CPU.Build.0 = Debug|Any CPU
		{0F48C2F1-079D-4A83-B3ED-EBF9FF420F50}.Release|Any CPU.ActiveCfg = Release|Any CPU
		{0F48C2F1-079D-4A83-B3ED-EBF9FF420F50}.Release|Any CPU.Build.0 = Release|Any CPU
		{A811F37B-5628-4C51-8D4B-A328D1636DED}.Debug|Any CPU.ActiveCfg = Debug|Any CPU
		{A811F37B-5628-4C51-8D4B-A328D1636DED}.Debug|Any CPU.Build.0 = Debug|Any CPU
		{A811F37B-5628-4C51-8D4B-A328D1636DED}.Release|Any CPU.ActiveCfg = Release|Any CPU
		{A811F37B-5628-4C51-8D4B-A328D1636DED}.Release|Any CPU.Build.0 = Release|Any CPU
		{82B4EDAD-8F2F-443C-AF74-F43377FF0DB4}.Debug|Any CPU.ActiveCfg = Debug|Any CPU
		{82B4EDAD-8F2F-443C-AF74-F43377FF0DB4}.Debug|Any CPU.Build.0 = Debug|Any CPU
		{82B4EDAD-8F2F-443C-AF74-F43377FF0DB4}.Release|Any CPU.ActiveCfg = Release|Any CPU
		{82B4EDAD-8F2F-443C-AF74-F43377FF0DB4}.Release|Any CPU.Build.0 = Release|Any CPU
	EndGlobalSection
EndGlobal
